
Microsoft Visual Studio Solution File, Format Version 12.00
# Visual Studio Version 17
VisualStudioVersion = 17.5.33530.505
MinimumVisualStudioVersion = 10.0.40219.1
Project("{FAE04EC0-301F-11D3-BF4B-00C04F79EFBC}") = "DependencyInjection", "DependencyInjection\DependencyInjection.csproj", "{9C0A6092-B422-43AD-988F-CD44DBB6D0C2}"
EndProject
Global
	GlobalSection(SolutionConfigurationPlatforms) = preSolution
		Debug|Any CPU = Debug|Any CPU
		Release|Any CPU = Release|Any CPU
	EndGlobalSection
	GlobalSection(ProjectConfigurationPlatforms) = postSolution
		{9C0A6092-B422-43AD-988F-CD44DBB6D0C2}.Debug|Any CPU.ActiveCfg = Debug|Any CPU
		{9C0A6092-B422-43AD-988F-CD44DBB6D0C2}.Debug|Any CPU.Build.0 = Debug|Any CPU
		{9C0A6092-B422-43AD-988F-CD44DBB6D0C2}.Release|Any CPU.ActiveCfg = Release|Any CPU
		{9C0A6092-B422-43AD-988F-CD44DBB6D0C2}.Release|Any CPU.Build.0 = Release|Any CPU
	EndGlobalSection
	GlobalSection(SolutionProperties) = preSolution
		HideSolutionNode = FALSE
	EndGlobalSection
	GlobalSection(ExtensibilityGlobals) = postSolution
		SolutionGuid = {23BF8E0D-6BFD-46D7-B103-E98B83D5FF38}
	EndGlobalSection
EndGlobal
